
Microsoft Visual Studio Solution File, Format Version 12.00
# Visual Studio Version 17
VisualStudioVersion = 17.4.33103.184
MinimumVisualStudioVersion = 10.0.40219.1
Project("{9A19103F-16F7-4668-BE54-9A1E7A4F7556}") = "EShopServices.Api.Author", "EShopServices.Api.Author\EShopServices.Api.Author.csproj", "{1CD8971E-8F7A-45A9-9F2C-750D28681335}"
EndProject
Project("{9A19103F-16F7-4668-BE54-9A1E7A4F7556}") = "EShopServices.Api.Book", "EShopServices.Api.Book\EShopServices.Api.Book.csproj", "{0F4F1F63-61ED-4DB9-B43C-446F6A5DC8C3}"
EndProject
Project("{9A19103F-16F7-4668-BE54-9A1E7A4F7556}") = "EShopServices.Api.Cart", "EShopServices.Api.Cart\EShopServices.Api.Cart.csproj", "{A529CF6C-781A-42B0-891B-9DD3C77632FB}"
EndProject
Project("{9A19103F-16F7-4668-BE54-9A1E7A4F7556}") = "EShopServices.Api.Book.Tests", "EShopServices.Api.Book.Tests\EShopServices.Api.Book.Tests.csproj", "{4257AF3C-E048-4380-8F1C-53520873E311}"
EndProject
Project("{2150E333-8FDC-42A3-9474-1A3956D46DE8}") = "src", "src", "{A97996EA-11BE-4690-902B-17C9835E4F47}"
EndProject
Project("{2150E333-8FDC-42A3-9474-1A3956D46DE8}") = "tests", "tests", "{705CB218-487B-4F77-AB2F-6D81A102DF24}"
EndProject
Project("{E53339B2-1760-4266-BCC7-CA923CBCF16C}") = "docker-compose", "docker-compose.dcproj", "{F752621F-1784-4E70-A056-4A8B3D3E6A4E}"
EndProject
Project("{FAE04EC0-301F-11D3-BF4B-00C04F79EFBC}") = "EShopServices.Api.Gateway", "EShopServices.Api.Gateway\EShopServices.Api.Gateway.csproj", "{A906C5AA-139D-4239-99A3-A76EF46C079C}"
EndProject
Global
	GlobalSection(SolutionConfigurationPlatforms) = preSolution
		Debug|Any CPU = Debug|Any CPU
		Release|Any CPU = Release|Any CPU
	EndGlobalSection
	GlobalSection(ProjectConfigurationPlatforms) = postSolution
		{1CD8971E-8F7A-45A9-9F2C-750D28681335}.Debug|Any CPU.ActiveCfg = Debug|Any CPU
		{1CD8971E-8F7A-45A9-9F2C-750D28681335}.Debug|Any CPU.Build.0 = Debug|Any CPU
		{1CD8971E-8F7A-45A9-9F2C-750D28681335}.Release|Any CPU.ActiveCfg = Release|Any CPU
		{1CD8971E-8F7A-45A9-9F2C-750D28681335}.Release|Any CPU.Build.0 = Release|Any CPU
		{0F4F1F63-61ED-4DB9-B43C-446F6A5DC8C3}.Debug|Any CPU.ActiveCfg = Debug|Any CPU
		{0F4F1F63-61ED-4DB9-B43C-446F6A5DC8C3}.Debug|Any CPU.Build.0 = Debug|Any CPU
		{0F4F1F63-61ED-4DB9-B43C-446F6A5DC8C3}.Release|Any CPU.ActiveCfg = Release|Any CPU
		{0F4F1F63-61ED-4DB9-B43C-446F6A5DC8C3}.Release|Any CPU.Build.0 = Release|Any CPU
		{A529CF6C-781A-42B0-891B-9DD3C77632FB}.Debug|Any CPU.ActiveCfg = Debug|Any CPU
		{A529CF6C-781A-42B0-891B-9DD3C77632FB}.Debug|Any CPU.Build.0 = Debug|Any CPU
		{A529CF6C-781A-42B0-891B-9DD3C77632FB}.Release|Any CPU.ActiveCfg = Release|Any CPU
		{A529CF6C-781A-42B0-891B-9DD3C77632FB}.Release|Any CPU.Build.0 = Release|Any CPU
		{4257AF3C-E048-4380-8F1C-53520873E311}.Debug|Any CPU.ActiveCfg = Debug|Any CPU
		{4257AF3C-E048-4380-8F1C-53520873E311}.Debug|Any CPU.Build.0 = Debug|Any CPU
		{4257AF3C-E048-4380-8F1C-53520873E311}.Release|Any CPU.ActiveCfg = Release|Any CPU
		{4257AF3C-E048-4380-8F1C-53520873E311}.Release|Any CPU.Build.0 = Release|Any CPU
		{F752621F-1784-4E70-A056-4A8B3D3E6A4E}.Debug|Any CPU.ActiveCfg = Debug|Any CPU
		{F752621F-1784-4E70-A056-4A8B3D3E6A4E}.Debug|Any CPU.Build.0 = Debug|Any CPU
		{F752621F-1784-4E70-A056-4A8B3D3E6A4E}.Release|Any CPU.ActiveCfg = Release|Any CPU
		{F752621F-1784-4E70-A056-4A8B3D3E6A4E}.Release|Any CPU.Build.0 = Release|Any CPU
		{A906C5AA-139D-4239-99A3-A76EF46C079C}.Debug|Any CPU.ActiveCfg = Debug|Any CPU
		{A906C5AA-139D-4239-99A3-A76EF46C079C}.Debug|Any CPU.Build.0 = Debug|Any CPU
		{A906C5AA-139D-4239-99A3-A76EF46C079C}.Release|Any CPU.ActiveCfg = Release|Any CPU
		{A906C5AA-139D-4239-99A3-A76EF46C079C}.Release|Any CPU.Build.0 = Release|Any CPU
	EndGlobalSection
	GlobalSection(SolutionProperties) = preSolution
		HideSolutionNode = FALSE
	EndGlobalSection
	GlobalSection(NestedProjects) = preSolution
		{1CD8971E-8F7A-45A9-9F2C-750D28681335} = {A97996EA-11BE-4690-902B-17C9835E4F47}
		{0F4F1F63-61ED-4DB9-B43C-446F6A5DC8C3} = {A97996EA-11BE-4690-902B-17C9835E4F47}
		{A529CF6C-781A-42B0-891B-9DD3C77632FB} = {A97996EA-11BE-4690-902B-17C9835E4F47}
		{4257AF3C-E048-4380-8F1C-53520873E311} = {705CB218-487B-4F77-AB2F-6D81A102DF24}
		{A906C5AA-139D-4239-99A3-A76EF46C079C} = {A97996EA-11BE-4690-902B-17C9835E4F47}
	EndGlobalSection
	GlobalSection(ExtensibilityGlobals) = postSolution
		SolutionGuid = {53F9382D-7378-4B77-BAEB-656EE4E56046}
	EndGlobalSection
EndGlobal
