
Microsoft Visual Studio Solution File, Format Version 12.00
# Visual Studio Version 17
VisualStudioVersion = 17.4.33103.184
MinimumVisualStudioVersion = 10.0.40219.1
Project("{9A19103F-16F7-4668-BE54-9A1E7A4F7556}") = "EShopServices.Api.Author", "EShopServices.Api.Author\EShopServices.Api.Author.csproj", "{1CD8971E-8F7A-45A9-9F2C-750D28681335}"
EndProject
Project("{FAE04EC0-301F-11D3-BF4B-00C04F79EFBC}") = "EShopServices.Api.Book", "EShopServices.Api.Book\EShopServices.Api.Book.csproj", "{0F4F1F63-61ED-4DB9-B43C-446F6A5DC8C3}"
EndProject
Project("{FAE04EC0-301F-11D3-BF4B-00C04F79EFBC}") = "EShopServices.Api.Cart", "EShopServices.Api.Cart\EShopServices.Api.Cart.csproj", "{A529CF6C-781A-42B0-891B-9DD3C77632FB}"
EndProject
Project("{FAE04EC0-301F-11D3-BF4B-00C04F79EFBC}") = "EShopServices.Api.Book.Tests", "EShopServices.Api.Book.Tests\EShopServices.Api.Book.Tests.csproj", "{4257AF3C-E048-4380-8F1C-53520873E311}"
EndProject
Global
	GlobalSection(SolutionConfigurationPlatforms) = preSolution
		Debug|Any CPU = Debug|Any CPU
		Release|Any CPU = Release|Any CPU
	EndGlobalSection
	GlobalSection(ProjectConfigurationPlatforms) = postSolution
		{1CD8971E-8F7A-45A9-9F2C-750D28681335}.Debug|Any CPU.ActiveCfg = Debug|Any CPU
		{1CD8971E-8F7A-45A9-9F2C-750D28681335}.Debug|Any CPU.Build.0 = Debug|Any CPU
		{1CD8971E-8F7A-45A9-9F2C-750D28681335}.Release|Any CPU.ActiveCfg = Release|Any CPU
		{1CD8971E-8F7A-45A9-9F2C-750D28681335}.Release|Any CPU.Build.0 = Release|Any CPU
		{0F4F1F63-61ED-4DB9-B43C-446F6A5DC8C3}.Debug|Any CPU.ActiveCfg = Debug|Any CPU
		{0F4F1F63-61ED-4DB9-B43C-446F6A5DC8C3}.Debug|Any CPU.Build.0 = Debug|Any CPU
		{0F4F1F63-61ED-4DB9-B43C-446F6A5DC8C3}.Release|Any CPU.ActiveCfg = Release|Any CPU
		{0F4F1F63-61ED-4DB9-B43C-446F6A5DC8C3}.Release|Any CPU.Build.0 = Release|Any CPU
		{A529CF6C-781A-42B0-891B-9DD3C77632FB}.Debug|Any CPU.ActiveCfg = Debug|Any CPU
		{A529CF6C-781A-42B0-891B-9DD3C77632FB}.Debug|Any CPU.Build.0 = Debug|Any CPU
		{A529CF6C-781A-42B0-891B-9DD3C77632FB}.Release|Any CPU.ActiveCfg = Release|Any CPU
		{A529CF6C-781A-42B0-891B-9DD3C77632FB}.Release|Any CPU.Build.0 = Release|Any CPU
		{4257AF3C-E048-4380-8F1C-53520873E311}.Debug|Any CPU.ActiveCfg = Debug|Any CPU
		{4257AF3C-E048-4380-8F1C-53520873E311}.Debug|Any CPU.Build.0 = Debug|Any CPU
		{4257AF3C-E048-4380-8F1C-53520873E311}.Release|Any CPU.ActiveCfg = Release|Any CPU
		{4257AF3C-E048-4380-8F1C-53520873E311}.Release|Any CPU.Build.0 = Release|Any CPU
	EndGlobalSection
	GlobalSection(SolutionProperties) = preSolution
		HideSolutionNode = FALSE
	EndGlobalSection
	GlobalSection(ExtensibilityGlobals) = postSolution
		SolutionGuid = {53F9382D-7378-4B77-BAEB-656EE4E56046}
	EndGlobalSection
EndGlobal
